
Microsoft Visual Studio Solution File, Format Version 12.00
# Visual Studio Version 16
VisualStudioVersion = 16.0.31729.503
MinimumVisualStudioVersion = 10.0.40219.1
Project("{FAE04EC0-301F-11D3-BF4B-00C04F79EFBC}") = "ExceptionDemo", "ExceptionDemo\ExceptionDemo.csproj", "{9CEA0E3D-6972-47AB-8122-ADA6B0B22D47}"
EndProject
Global
	GlobalSection(SolutionConfigurationPlatforms) = preSolution
		Debug|Any CPU = Debug|Any CPU
		Release|Any CPU = Release|Any CPU
	EndGlobalSection
	GlobalSection(ProjectConfigurationPlatforms) = postSolution
		{9CEA0E3D-6972-47AB-8122-ADA6B0B22D47}.Debug|Any CPU.ActiveCfg = Debug|Any CPU
		{9CEA0E3D-6972-47AB-8122-ADA6B0B22D47}.Debug|Any CPU.Build.0 = Debug|Any CPU
		{9CEA0E3D-6972-47AB-8122-ADA6B0B22D47}.Release|Any CPU.ActiveCfg = Release|Any CPU
		{9CEA0E3D-6972-47AB-8122-ADA6B0B22D47}.Release|Any CPU.Build.0 = Release|Any CPU
	EndGlobalSection
	GlobalSection(SolutionProperties) = preSolution
		HideSolutionNode = FALSE
	EndGlobalSection
	GlobalSection(ExtensibilityGlobals) = postSolution
		SolutionGuid = {02DB107B-ED73-4126-973D-BCC5A1067E8B}
	EndGlobalSection
EndGlobal
